
Microsoft Visual Studio Solution File, Format Version 12.00
# Visual Studio Version 16
VisualStudioVersion = 16.0.31702.278
MinimumVisualStudioVersion = 10.0.40219.1
Project("{9A19103F-16F7-4668-BE54-9A1E7A4F7556}") = "SB.TelephoneNotes.Api", "SB.TelephoneNotes\SB.TelephoneNotes.Api.csproj", "{EF5FBE86-3462-4C2B-B0D2-A651C5E1516E}"
EndProject
Project("{9A19103F-16F7-4668-BE54-9A1E7A4F7556}") = "SB.TelephoneNotes.BLL", "SB.TelephoneNotes.BLL\SB.TelephoneNotes.BLL.csproj", "{F5F97A94-A845-49BF-80F9-6D72519EF1FA}"
EndProject
Project("{9A19103F-16F7-4668-BE54-9A1E7A4F7556}") = "SB.TelephoneNotes.DAL.EF", "SB.TelephoneNotes.DAL\SB.TelephoneNotes.DAL.EF.csproj", "{6FF733CC-9C17-4550-94C2-BF0094183C77}"
EndProject
Project("{9A19103F-16F7-4668-BE54-9A1E7A4F7556}") = "SB.TelephoneNotes.DAL.Interfaces", "SB.TelephoneNotes.DAL.Interfaces\SB.TelephoneNotes.DAL.Interfaces.csproj", "{2F73EE99-8ACF-4250-B661-EF8E3EAE72C4}"
EndProject
Project("{9A19103F-16F7-4668-BE54-9A1E7A4F7556}") = "SB.TelephoneNotes.BLL.Interfaces", "SB.TelephoneNotes.BLL.Interfaces\SB.TelephoneNotes.BLL.Interfaces.csproj", "{9984266D-003D-406A-BD7D-B391868117D5}"
EndProject
Project("{2150E333-8FDC-42A3-9474-1A3956D46DE8}") = "Solution Items", "Solution Items", "{FE1FEB10-B196-48F2-B536-08907412D61F}"
	ProjectSection(SolutionItems) = preProject
		.gitignore = .gitignore
	EndProjectSection
EndProject
Project("{FAE04EC0-301F-11D3-BF4B-00C04F79EFBC}") = "SB.TelephoneNotes.BLL.Test", "SB.TelephoneNotes.BLL.Test\SB.TelephoneNotes.BLL.Test.csproj", "{7CF4CF49-63DB-4F8F-B2C8-5BC772460A9D}"
EndProject
Global
	GlobalSection(SolutionConfigurationPlatforms) = preSolution
		Debug|Any CPU = Debug|Any CPU
		Release|Any CPU = Release|Any CPU
	EndGlobalSection
	GlobalSection(ProjectConfigurationPlatforms) = postSolution
		{EF5FBE86-3462-4C2B-B0D2-A651C5E1516E}.Debug|Any CPU.ActiveCfg = Debug|Any CPU
		{EF5FBE86-3462-4C2B-B0D2-A651C5E1516E}.Debug|Any CPU.Build.0 = Debug|Any CPU
		{EF5FBE86-3462-4C2B-B0D2-A651C5E1516E}.Release|Any CPU.ActiveCfg = Release|Any CPU
		{EF5FBE86-3462-4C2B-B0D2-A651C5E1516E}.Release|Any CPU.Build.0 = Release|Any CPU
		{F5F97A94-A845-49BF-80F9-6D72519EF1FA}.Debug|Any CPU.ActiveCfg = Debug|Any CPU
		{F5F97A94-A845-49BF-80F9-6D72519EF1FA}.Debug|Any CPU.Build.0 = Debug|Any CPU
		{F5F97A94-A845-49BF-80F9-6D72519EF1FA}.Release|Any CPU.ActiveCfg = Release|Any CPU
		{F5F97A94-A845-49BF-80F9-6D72519EF1FA}.Release|Any CPU.Build.0 = Release|Any CPU
		{6FF733CC-9C17-4550-94C2-BF0094183C77}.Debug|Any CPU.ActiveCfg = Debug|Any CPU
		{6FF733CC-9C17-4550-94C2-BF0094183C77}.Debug|Any CPU.Build.0 = Debug|Any CPU
		{6FF733CC-9C17-4550-94C2-BF0094183C77}.Release|Any CPU.ActiveCfg = Release|Any CPU
		{6FF733CC-9C17-4550-94C2-BF0094183C77}.Release|Any CPU.Build.0 = Release|Any CPU
		{2F73EE99-8ACF-4250-B661-EF8E3EAE72C4}.Debug|Any CPU.ActiveCfg = Debug|Any CPU
		{2F73EE99-8ACF-4250-B661-EF8E3EAE72C4}.Debug|Any CPU.Build.0 = Debug|Any CPU
		{2F73EE99-8ACF-4250-B661-EF8E3EAE72C4}.Release|Any CPU.ActiveCfg = Release|Any CPU
		{2F73EE99-8ACF-4250-B661-EF8E3EAE72C4}.Release|Any CPU.Build.0 = Release|Any CPU
		{9984266D-003D-406A-BD7D-B391868117D5}.Debug|Any CPU.ActiveCfg = Debug|Any CPU
		{9984266D-003D-406A-BD7D-B391868117D5}.Debug|Any CPU.Build.0 = Debug|Any CPU
		{9984266D-003D-406A-BD7D-B391868117D5}.Release|Any CPU.ActiveCfg = Release|Any CPU
		{9984266D-003D-406A-BD7D-B391868117D5}.Release|Any CPU.Build.0 = Release|Any CPU
		{7CF4CF49-63DB-4F8F-B2C8-5BC772460A9D}.Debug|Any CPU.ActiveCfg = Debug|Any CPU
		{7CF4CF49-63DB-4F8F-B2C8-5BC772460A9D}.Debug|Any CPU.Build.0 = Debug|Any CPU
		{7CF4CF49-63DB-4F8F-B2C8-5BC772460A9D}.Release|Any CPU.ActiveCfg = Release|Any CPU
		{7CF4CF49-63DB-4F8F-B2C8-5BC772460A9D}.Release|Any CPU.Build.0 = Release|Any CPU
	EndGlobalSection
	GlobalSection(SolutionProperties) = preSolution
		HideSolutionNode = FALSE
	EndGlobalSection
	GlobalSection(ExtensibilityGlobals) = postSolution
		SolutionGuid = {E50A5159-4FBA-4D1C-9FAD-BB58BB19037A}
	EndGlobalSection
EndGlobal
